
Microsoft Visual Studio Solution File, Format Version 12.00
# Visual Studio Version 17
VisualStudioVersion = 17.10.34928.147
MinimumVisualStudioVersion = 10.0.40219.1
Project("{9A19103F-16F7-4668-BE54-9A1E7A4F7556}") = "Fetch", "Fetch\Fetch.csproj", "{22899425-3C38-4BE1-9F6C-AB0B1F8A2029}"
EndProject
Global
	GlobalSection(SolutionConfigurationPlatforms) = preSolution
		Debug R25|Any CPU = Debug R25|Any CPU
		Debug R26|Any CPU = Debug R26|Any CPU
		Debug R27|Any CPU = Debug R27|Any CPU
		Release R25|Any CPU = Release R25|Any CPU
		Release R26|Any CPU = Release R26|Any CPU
		Release R27|Any CPU = Release R27|Any CPU
	EndGlobalSection
	GlobalSection(ProjectConfigurationPlatforms) = postSolution
		{22899425-3C38-4BE1-9F6C-AB0B1F8A2029}.Debug R25|Any CPU.ActiveCfg = Debug R25|Any CPU
		{22899425-3C38-4BE1-9F6C-AB0B1F8A2029}.Debug R25|Any CPU.Build.0 = Debug R25|Any CPU
		{22899425-3C38-4BE1-9F6C-AB0B1F8A2029}.Debug R26|Any CPU.ActiveCfg = Debug R26|Any CPU
		{22899425-3C38-4BE1-9F6C-AB0B1F8A2029}.Debug R26|Any CPU.Build.0 = Debug R26|Any CPU
		{22899425-3C38-4BE1-9F6C-AB0B1F8A2029}.Debug R27|Any CPU.ActiveCfg = Debug R27|Any CPU
		{22899425-3C38-4BE1-9F6C-AB0B1F8A2029}.Debug R27|Any CPU.Build.0 = Debug R27|Any CPU
		{22899425-3C38-4BE1-9F6C-AB0B1F8A2029}.Release R25|Any CPU.ActiveCfg = Release R25|Any CPU
		{22899425-3C38-4BE1-9F6C-AB0B1F8A2029}.Release R25|Any CPU.Build.0 = Release R25|Any CPU
		{22899425-3C38-4BE1-9F6C-AB0B1F8A2029}.Release R26|Any CPU.ActiveCfg = Release R26|Any CPU
		{22899425-3C38-4BE1-9F6C-AB0B1F8A2029}.Release R26|Any CPU.Build.0 = Release R26|Any CPU
		{22899425-3C38-4BE1-9F6C-AB0B1F8A2029}.Release R27|Any CPU.ActiveCfg = Release R27|Any CPU
		{22899425-3C38-4BE1-9F6C-AB0B1F8A2029}.Release R27|Any CPU.Build.0 = Release R27|Any CPU
	EndGlobalSection
	GlobalSection(SolutionProperties) = preSolution
		HideSolutionNode = FALSE
	EndGlobalSection
	GlobalSection(ExtensibilityGlobals) = postSolution
		SolutionGuid = {A6BB5E99-DF70-450B-A6A2-181D06076A69}
	EndGlobalSection
EndGlobal
